// !$*UTF8*$!
{
	archiveVersion = 1;
	classes = {
	};
	objectVersion = 46;
	objects = {

/* Begin PBXBuildFile section */
		5E4FD66FF063A6827B149BFC /* Pods_Wallmax.framework in Frameworks */ = {isa = PBXBuildFile; fileRef = 7AEE55175A2FC1D6D4DBBB61 /* Pods_Wallmax.framework */; };
		C65A94A31E585F3B00229884 /* AppDelegate.swift in Sources */ = {isa = PBXBuildFile; fileRef = C65A94A21E585F3B00229884 /* AppDelegate.swift */; };
		C65A94A81E585F3B00229884 /* Main.storyboard in Resources */ = {isa = PBXBuildFile; fileRef = C65A94A61E585F3B00229884 /* Main.storyboard */; };
		C65A94AA1E585F3B00229884 /* Assets.xcassets in Resources */ = {isa = PBXBuildFile; fileRef = C65A94A91E585F3B00229884 /* Assets.xcassets */; };
		C65A94AD1E585F3B00229884 /* LaunchScreen.storyboard in Resources */ = {isa = PBXBuildFile; fileRef = C65A94AB1E585F3B00229884 /* LaunchScreen.storyboard */; };
		C67B07FD1E5A0FC700C622E3 /* Constants.swift in Sources */ = {isa = PBXBuildFile; fileRef = C67B07FC1E5A0FC700C622E3 /* Constants.swift */; };
		C683F9E61E62E889006D41B8 /* FavouritesVC.swift in Sources */ = {isa = PBXBuildFile; fileRef = C683F9E51E62E889006D41B8 /* FavouritesVC.swift */; };
		C683F9E81E62E92C006D41B8 /* FavouriteCell.swift in Sources */ = {isa = PBXBuildFile; fileRef = C683F9E71E62E92C006D41B8 /* FavouriteCell.swift */; };
		C683F9EB1E62EC89006D41B8 /* Wallmax.xcdatamodeld in Sources */ = {isa = PBXBuildFile; fileRef = C683F9E91E62EC89006D41B8 /* Wallmax.xcdatamodeld */; };
		C683F9ED1E62F845006D41B8 /* CoreDataStack.swift in Sources */ = {isa = PBXBuildFile; fileRef = C683F9EC1E62F845006D41B8 /* CoreDataStack.swift */; };
		C6B008CB1E5894C7001E3C70 /* RandomCollectionVC.swift in Sources */ = {isa = PBXBuildFile; fileRef = C6B008CA1E5894C7001E3C70 /* RandomCollectionVC.swift */; };
		C6B008CD1E5894E8001E3C70 /* RandomCell.swift in Sources */ = {isa = PBXBuildFile; fileRef = C6B008CC1E5894E8001E3C70 /* RandomCell.swift */; };
		C6B008CF1E589D0A001E3C70 /* WallhavenImage.swift in Sources */ = {isa = PBXBuildFile; fileRef = C6B008CE1E589D0A001E3C70 /* WallhavenImage.swift */; };
		C6C90B951E5A0C590013F9FE /* WallhavenHelper.swift in Sources */ = {isa = PBXBuildFile; fileRef = C6C90B941E5A0C590013F9FE /* WallhavenHelper.swift */; };
		C6E3C1081E58F70E00327BF3 /* WorkSans-Black.ttf in Resources */ = {isa = PBXBuildFile; fileRef = C6E3C0FF1E58F70E00327BF3 /* WorkSans-Black.ttf */; };
		C6E3C1091E58F70E00327BF3 /* WorkSans-Bold.ttf in Resources */ = {isa = PBXBuildFile; fileRef = C6E3C1001E58F70E00327BF3 /* WorkSans-Bold.ttf */; };
		C6E3C10A1E58F70E00327BF3 /* WorkSans-ExtraBold.ttf in Resources */ = {isa = PBXBuildFile; fileRef = C6E3C1011E58F70E00327BF3 /* WorkSans-ExtraBold.ttf */; };
		C6E3C10B1E58F70E00327BF3 /* WorkSans-ExtraLight.ttf in Resources */ = {isa = PBXBuildFile; fileRef = C6E3C1021E58F70E00327BF3 /* WorkSans-ExtraLight.ttf */; };
		C6E3C10C1E58F70E00327BF3 /* WorkSans-Light.ttf in Resources */ = {isa = PBXBuildFile; fileRef = C6E3C1031E58F70E00327BF3 /* WorkSans-Light.ttf */; };
		C6E3C10D1E58F70E00327BF3 /* WorkSans-Medium.ttf in Resources */ = {isa = PBXBuildFile; fileRef = C6E3C1041E58F70E00327BF3 /* WorkSans-Medium.ttf */; };
		C6E3C10E1E58F70E00327BF3 /* WorkSans-Regular.ttf in Resources */ = {isa = PBXBuildFile; fileRef = C6E3C1051E58F70E00327BF3 /* WorkSans-Regular.ttf */; };
		C6E3C10F1E58F70E00327BF3 /* WorkSans-SemiBold.ttf in Resources */ = {isa = PBXBuildFile; fileRef = C6E3C1061E58F70E00327BF3 /* WorkSans-SemiBold.ttf */; };
		C6E3C1101E58F70E00327BF3 /* WorkSans-Thin.ttf in Resources */ = {isa = PBXBuildFile; fileRef = C6E3C1071E58F70E00327BF3 /* WorkSans-Thin.ttf */; };
		C6E3C1131E598E5F00327BF3 /* DeviceType.swift in Sources */ = {isa = PBXBuildFile; fileRef = C6E3C1121E598E5F00327BF3 /* DeviceType.swift */; };
/* End PBXBuildFile section */

/* Begin PBXFileReference section */
		0D0680CABAE7B962D1302BAE /* Pods-Wallmax.debug.xcconfig */ = {isa = PBXFileReference; includeInIndex = 1; lastKnownFileType = text.xcconfig; name = "Pods-Wallmax.debug.xcconfig"; path = "Pods/Target Support Files/Pods-Wallmax/Pods-Wallmax.debug.xcconfig"; sourceTree = "<group>"; };
		44FAE9E2C561B112CC3DF855 /* Pods-Wallmax.release.xcconfig */ = {isa = PBXFileReference; includeInIndex = 1; lastKnownFileType = text.xcconfig; name = "Pods-Wallmax.release.xcconfig"; path = "Pods/Target Support Files/Pods-Wallmax/Pods-Wallmax.release.xcconfig"; sourceTree = "<group>"; };
		7AEE55175A2FC1D6D4DBBB61 /* Pods_Wallmax.framework */ = {isa = PBXFileReference; explicitFileType = wrapper.framework; includeInIndex = 0; path = Pods_Wallmax.framework; sourceTree = BUILT_PRODUCTS_DIR; };
		C65A949F1E585F3B00229884 /* Wallmax.app */ = {isa = PBXFileReference; explicitFileType = wrapper.application; includeInIndex = 0; path = Wallmax.app; sourceTree = BUILT_PRODUCTS_DIR; };
		C65A94A21E585F3B00229884 /* AppDelegate.swift */ = {isa = PBXFileReference; lastKnownFileType = sourcecode.swift; path = AppDelegate.swift; sourceTree = "<group>"; };
		C65A94A71E585F3B00229884 /* Base */ = {isa = PBXFileReference; lastKnownFileType = file.storyboard; name = Base; path = Base.lproj/Main.storyboard; sourceTree = "<group>"; };
		C65A94A91E585F3B00229884 /* Assets.xcassets */ = {isa = PBXFileReference; lastKnownFileType = folder.assetcatalog; path = Assets.xcassets; sourceTree = "<group>"; };
		C65A94AC1E585F3B00229884 /* Base */ = {isa = PBXFileReference; lastKnownFileType = file.storyboard; name = Base; path = Base.lproj/LaunchScreen.storyboard; sourceTree = "<group>"; };
		C65A94AE1E585F3B00229884 /* Info.plist */ = {isa = PBXFileReference; lastKnownFileType = text.plist.xml; path = Info.plist; sourceTree = "<group>"; };
		C67B07FC1E5A0FC700C622E3 /* Constants.swift */ = {isa = PBXFileReference; fileEncoding = 4; lastKnownFileType = sourcecode.swift; path = Constants.swift; sourceTree = "<group>"; };
		C683F9E51E62E889006D41B8 /* FavouritesVC.swift */ = {isa = PBXFileReference; fileEncoding = 4; lastKnownFileType = sourcecode.swift; path = FavouritesVC.swift; sourceTree = "<group>"; };
		C683F9E71E62E92C006D41B8 /* FavouriteCell.swift */ = {isa = PBXFileReference; fileEncoding = 4; lastKnownFileType = sourcecode.swift; path = FavouriteCell.swift; sourceTree = "<group>"; };
		C683F9EA1E62EC89006D41B8 /* Wallmax.xcdatamodel */ = {isa = PBXFileReference; lastKnownFileType = wrapper.xcdatamodel; path = Wallmax.xcdatamodel; sourceTree = "<group>"; };
		C683F9EC1E62F845006D41B8 /* CoreDataStack.swift */ = {isa = PBXFileReference; fileEncoding = 4; lastKnownFileType = sourcecode.swift; path = CoreDataStack.swift; sourceTree = "<group>"; };
		C6B008CA1E5894C7001E3C70 /* RandomCollectionVC.swift */ = {isa = PBXFileReference; fileEncoding = 4; lastKnownFileType = sourcecode.swift; path = RandomCollectionVC.swift; sourceTree = "<group>"; };
		C6B008CC1E5894E8001E3C70 /* RandomCell.swift */ = {isa = PBXFileReference; fileEncoding = 4; lastKnownFileType = sourcecode.swift; path = RandomCell.swift; sourceTree = "<group>"; };
		C6B008CE1E589D0A001E3C70 /* WallhavenImage.swift */ = {isa = PBXFileReference; fileEncoding = 4; lastKnownFileType = sourcecode.swift; path = WallhavenImage.swift; sourceTree = "<group>"; };
		C6C90B941E5A0C590013F9FE /* WallhavenHelper.swift */ = {isa = PBXFileReference; fileEncoding = 4; lastKnownFileType = sourcecode.swift; path = WallhavenHelper.swift; sourceTree = "<group>"; };
		C6E3C0FF1E58F70E00327BF3 /* WorkSans-Black.ttf */ = {isa = PBXFileReference; lastKnownFileType = file; path = "WorkSans-Black.ttf"; sourceTree = "<group>"; };
		C6E3C1001E58F70E00327BF3 /* WorkSans-Bold.ttf */ = {isa = PBXFileReference; lastKnownFileType = file; path = "WorkSans-Bold.ttf"; sourceTree = "<group>"; };
		C6E3C1011E58F70E00327BF3 /* WorkSans-ExtraBold.ttf */ = {isa = PBXFileReference; lastKnownFileType = file; path = "WorkSans-ExtraBold.ttf"; sourceTree = "<group>"; };
		C6E3C1021E58F70E00327BF3 /* WorkSans-ExtraLight.ttf */ = {isa = PBXFileReference; lastKnownFileType = file; path = "WorkSans-ExtraLight.ttf"; sourceTree = "<group>"; };
		C6E3C1031E58F70E00327BF3 /* WorkSans-Light.ttf */ = {isa = PBXFileReference; lastKnownFileType = file; path = "WorkSans-Light.ttf"; sourceTree = "<group>"; };
		C6E3C1041E58F70E00327BF3 /* WorkSans-Medium.ttf */ = {isa = PBXFileReference; lastKnownFileType = file; path = "WorkSans-Medium.ttf"; sourceTree = "<group>"; };
		C6E3C1051E58F70E00327BF3 /* WorkSans-Regular.ttf */ = {isa = PBXFileReference; lastKnownFileType = file; path = "WorkSans-Regular.ttf"; sourceTree = "<group>"; };
		C6E3C1061E58F70E00327BF3 /* WorkSans-SemiBold.ttf */ = {isa = PBXFileReference; lastKnownFileType = file; path = "WorkSans-SemiBold.ttf"; sourceTree = "<group>"; };
		C6E3C1071E58F70E00327BF3 /* WorkSans-Thin.ttf */ = {isa = PBXFileReference; lastKnownFileType = file; path = "WorkSans-Thin.ttf"; sourceTree = "<group>"; };
		C6E3C1121E598E5F00327BF3 /* DeviceType.swift */ = {isa = PBXFileReference; fileEncoding = 4; lastKnownFileType = sourcecode.swift; path = DeviceType.swift; sourceTree = "<group>"; };
/* End PBXFileReference section */

/* Begin PBXFrameworksBuildPhase section */
		C65A949C1E585F3B00229884 /* Frameworks */ = {
			isa = PBXFrameworksBuildPhase;
			buildActionMask = 2147483647;
			files = (
				5E4FD66FF063A6827B149BFC /* Pods_Wallmax.framework in Frameworks */,
			);
			runOnlyForDeploymentPostprocessing = 0;
		};
/* End PBXFrameworksBuildPhase section */

/* Begin PBXGroup section */
		5F790CF907020C277E3EBA5F /* Frameworks */ = {
			isa = PBXGroup;
			children = (
				7AEE55175A2FC1D6D4DBBB61 /* Pods_Wallmax.framework */,
			);
			name = Frameworks;
			sourceTree = "<group>";
		};
		C65A94961E585F3B00229884 = {
			isa = PBXGroup;
			children = (
				C65A94A11E585F3B00229884 /* Wallmax */,
				C65A94A01E585F3B00229884 /* Products */,
				EF5FD0B6123CD1F3DCDDC207 /* Pods */,
				5F790CF907020C277E3EBA5F /* Frameworks */,
			);
			sourceTree = "<group>";
		};
		C65A94A01E585F3B00229884 /* Products */ = {
			isa = PBXGroup;
			children = (
				C65A949F1E585F3B00229884 /* Wallmax.app */,
			);
			name = Products;
			sourceTree = "<group>";
		};
		C65A94A11E585F3B00229884 /* Wallmax */ = {
			isa = PBXGroup;
			children = (
				C6E3C1111E598E4D00327BF3 /* Helper */,
				C6B008C91E58943B001E3C70 /* Global */,
				C6B008C81E58942F001E3C70 /* Resources */,
				C6B008C71E589426001E3C70 /* Model */,
				C6B008C61E58941F001E3C70 /* Views */,
				C6B008C51E589417001E3C70 /* Controllers */,
				C65A94A61E585F3B00229884 /* Main.storyboard */,
				C65A94AE1E585F3B00229884 /* Info.plist */,
			);
			path = Wallmax;
			sourceTree = "<group>";
		};
		C6B008C51E589417001E3C70 /* Controllers */ = {
			isa = PBXGroup;
			children = (
				C6B008CA1E5894C7001E3C70 /* RandomCollectionVC.swift */,
				C683F9E51E62E889006D41B8 /* FavouritesVC.swift */,
			);
			name = Controllers;
			sourceTree = "<group>";
		};
		C6B008C61E58941F001E3C70 /* Views */ = {
			isa = PBXGroup;
			children = (
				C6B008CC1E5894E8001E3C70 /* RandomCell.swift */,
				C683F9E71E62E92C006D41B8 /* FavouriteCell.swift */,
			);
			name = Views;
			sourceTree = "<group>";
		};
		C6B008C71E589426001E3C70 /* Model */ = {
			isa = PBXGroup;
			children = (
				C6B008CE1E589D0A001E3C70 /* WallhavenImage.swift */,
				C683F9E91E62EC89006D41B8 /* Wallmax.xcdatamodeld */,
			);
			name = Model;
			sourceTree = "<group>";
		};
		C6B008C81E58942F001E3C70 /* Resources */ = {
			isa = PBXGroup;
			children = (
				C6E3C0FE1E58F70100327BF3 /* Fonts */,
				C65A94A91E585F3B00229884 /* Assets.xcassets */,
			);
			name = Resources;
			sourceTree = "<group>";
		};
		C6B008C91E58943B001E3C70 /* Global */ = {
			isa = PBXGroup;
			children = (
				C65A94A21E585F3B00229884 /* AppDelegate.swift */,
				C65A94AB1E585F3B00229884 /* LaunchScreen.storyboard */,
				C67B07FC1E5A0FC700C622E3 /* Constants.swift */,
			);
			name = Global;
			sourceTree = "<group>";
		};
		C6E3C0FE1E58F70100327BF3 /* Fonts */ = {
			isa = PBXGroup;
			children = (
				C6E3C0FF1E58F70E00327BF3 /* WorkSans-Black.ttf */,
				C6E3C1001E58F70E00327BF3 /* WorkSans-Bold.ttf */,
				C6E3C1011E58F70E00327BF3 /* WorkSans-ExtraBold.ttf */,
				C6E3C1021E58F70E00327BF3 /* WorkSans-ExtraLight.ttf */,
				C6E3C1031E58F70E00327BF3 /* WorkSans-Light.ttf */,
				C6E3C1041E58F70E00327BF3 /* WorkSans-Medium.ttf */,
				C6E3C1051E58F70E00327BF3 /* WorkSans-Regular.ttf */,
				C6E3C1061E58F70E00327BF3 /* WorkSans-SemiBold.ttf */,
				C6E3C1071E58F70E00327BF3 /* WorkSans-Thin.ttf */,
			);
			name = Fonts;
			sourceTree = "<group>";
		};
		C6E3C1111E598E4D00327BF3 /* Helper */ = {
			isa = PBXGroup;
			children = (
				C6E3C1121E598E5F00327BF3 /* DeviceType.swift */,
				C6C90B941E5A0C590013F9FE /* WallhavenHelper.swift */,
				C683F9EC1E62F845006D41B8 /* CoreDataStack.swift */,
			);
			name = Helper;
			sourceTree = "<group>";
		};
		EF5FD0B6123CD1F3DCDDC207 /* Pods */ = {
			isa = PBXGroup;
			children = (
				0D0680CABAE7B962D1302BAE /* Pods-Wallmax.debug.xcconfig */,
				44FAE9E2C561B112CC3DF855 /* Pods-Wallmax.release.xcconfig */,
			);
			name = Pods;
			sourceTree = "<group>";
		};
/* End PBXGroup section */

/* Begin PBXNativeTarget section */
		C65A949E1E585F3B00229884 /* Wallmax */ = {
			isa = PBXNativeTarget;
			buildConfigurationList = C65A94B11E585F3B00229884 /* Build configuration list for PBXNativeTarget "Wallmax" */;
			buildPhases = (
				88AB8B64681A525E1C87B00C /* [CP] Check Pods Manifest.lock */,
				C65A949B1E585F3B00229884 /* Sources */,
				C65A949C1E585F3B00229884 /* Frameworks */,
				C65A949D1E585F3B00229884 /* Resources */,
				DCB10C912B10AF0353AB2853 /* [CP] Embed Pods Frameworks */,
				9647DA61EA460B62637CBB54 /* [CP] Copy Pods Resources */,
			);
			buildRules = (
			);
			dependencies = (
			);
			name = Wallmax;
			productName = Wallmax;
			productReference = C65A949F1E585F3B00229884 /* Wallmax.app */;
			productType = "com.apple.product-type.application";
		};
/* End PBXNativeTarget section */

/* Begin PBXProject section */
		C65A94971E585F3B00229884 /* Project object */ = {
			isa = PBXProject;
			attributes = {
				LastSwiftUpdateCheck = 0820;
				LastUpgradeCheck = 0820;
				ORGANIZATIONNAME = Ajay;
				TargetAttributes = {
					C65A949E1E585F3B00229884 = {
						CreatedOnToolsVersion = 8.2.1;
						DevelopmentTeam = A26X592M5J;
						LastSwiftMigration = 0820;
						ProvisioningStyle = Automatic;
					};
				};
			};
			buildConfigurationList = C65A949A1E585F3B00229884 /* Build configuration list for PBXProject "Wallmax" */;
			compatibilityVersion = "Xcode 3.2";
			developmentRegion = English;
			hasScannedForEncodings = 0;
			knownRegions = (
				en,
				Base,
			);
			mainGroup = C65A94961E585F3B00229884;
			productRefGroup = C65A94A01E585F3B00229884 /* Products */;
			projectDirPath = "";
			projectRoot = "";
			targets = (
				C65A949E1E585F3B00229884 /* Wallmax */,
			);
		};
/* End PBXProject section */

/* Begin PBXResourcesBuildPhase section */
		C65A949D1E585F3B00229884 /* Resources */ = {
			isa = PBXResourcesBuildPhase;
			buildActionMask = 2147483647;
			files = (
				C6E3C10B1E58F70E00327BF3 /* WorkSans-ExtraLight.ttf in Resources */,
				C6E3C1081E58F70E00327BF3 /* WorkSans-Black.ttf in Resources */,
				C65A94AD1E585F3B00229884 /* LaunchScreen.storyboard in Resources */,
				C6E3C10C1E58F70E00327BF3 /* WorkSans-Light.ttf in Resources */,
				C65A94AA1E585F3B00229884 /* Assets.xcassets in Resources */,
				C65A94A81E585F3B00229884 /* Main.storyboard in Resources */,
				C6E3C10A1E58F70E00327BF3 /* WorkSans-ExtraBold.ttf in Resources */,
				C6E3C10D1E58F70E00327BF3 /* WorkSans-Medium.ttf in Resources */,
				C6E3C1091E58F70E00327BF3 /* WorkSans-Bold.ttf in Resources */,
				C6E3C1101E58F70E00327BF3 /* WorkSans-Thin.ttf in Resources */,
				C6E3C10E1E58F70E00327BF3 /* WorkSans-Regular.ttf in Resources */,
				C6E3C10F1E58F70E00327BF3 /* WorkSans-SemiBold.ttf in Resources */,
			);
			runOnlyForDeploymentPostprocessing = 0;
		};
/* End PBXResourcesBuildPhase section */

/* Begin PBXShellScriptBuildPhase section */
		88AB8B64681A525E1C87B00C /* [CP] Check Pods Manifest.lock */ = {
			isa = PBXShellScriptBuildPhase;
			buildActionMask = 2147483647;
			files = (
			);
			inputPaths = (
			);
			name = "[CP] Check Pods Manifest.lock";
			outputPaths = (
			);
			runOnlyForDeploymentPostprocessing = 0;
			shellPath = /bin/sh;
			shellScript = "diff \"${PODS_ROOT}/../Podfile.lock\" \"${PODS_ROOT}/Manifest.lock\" > /dev/null\nif [[ $? != 0 ]] ; then\n    cat << EOM\nerror: The sandbox is not in sync with the Podfile.lock. Run 'pod install' or update your CocoaPods installation.\nEOM\n    exit 1\nfi\n";
			showEnvVarsInLog = 0;
		};
		9647DA61EA460B62637CBB54 /* [CP] Copy Pods Resources */ = {
			isa = PBXShellScriptBuildPhase;
			buildActionMask = 2147483647;
			files = (
			);
			inputPaths = (
			);
			name = "[CP] Copy Pods Resources";
			outputPaths = (
			);
			runOnlyForDeploymentPostprocessing = 0;
			shellPath = /bin/sh;
			shellScript = "\"${SRCROOT}/Pods/Target Support Files/Pods-Wallmax/Pods-Wallmax-resources.sh\"\n";
			showEnvVarsInLog = 0;
		};
		DCB10C912B10AF0353AB2853 /* [CP] Embed Pods Frameworks */ = {
			isa = PBXShellScriptBuildPhase;
			buildActionMask = 2147483647;
			files = (
			);
			inputPaths = (
			);
			name = "[CP] Embed Pods Frameworks";
			outputPaths = (
			);
			runOnlyForDeploymentPostprocessing = 0;
			shellPath = /bin/sh;
			shellScript = "\"${SRCROOT}/Pods/Target Support Files/Pods-Wallmax/Pods-Wallmax-frameworks.sh\"\n";
			showEnvVarsInLog = 0;
		};
/* End PBXShellScriptBuildPhase section */

/* Begin PBXSourcesBuildPhase section */
		C65A949B1E585F3B00229884 /* Sources */ = {
			isa = PBXSourcesBuildPhase;
			buildActionMask = 2147483647;
			files = (
				C683F9EB1E62EC89006D41B8 /* Wallmax.xcdatamodeld in Sources */,
				C6C90B951E5A0C590013F9FE /* WallhavenHelper.swift in Sources */,
				C6B008CF1E589D0A001E3C70 /* WallhavenImage.swift in Sources */,
				C6B008CD1E5894E8001E3C70 /* RandomCell.swift in Sources */,
				C65A94A31E585F3B00229884 /* AppDelegate.swift in Sources */,
				C683F9E81E62E92C006D41B8 /* FavouriteCell.swift in Sources */,
				C683F9ED1E62F845006D41B8 /* CoreDataStack.swift in Sources */,
				C67B07FD1E5A0FC700C622E3 /* Constants.swift in Sources */,
				C6B008CB1E5894C7001E3C70 /* RandomCollectionVC.swift in Sources */,
				C683F9E61E62E889006D41B8 /* FavouritesVC.swift in Sources */,
				C6E3C1131E598E5F00327BF3 /* DeviceType.swift in Sources */,
			);
			runOnlyForDeploymentPostprocessing = 0;
		};
/* End PBXSourcesBuildPhase section */

/* Begin PBXVariantGroup section */
		C65A94A61E585F3B00229884 /* Main.storyboard */ = {
			isa = PBXVariantGroup;
			children = (
				C65A94A71E585F3B00229884 /* Base */,
			);
			name = Main.storyboard;
			sourceTree = "<group>";
		};
		C65A94AB1E585F3B00229884 /* LaunchScreen.storyboard */ = {
			isa = PBXVariantGroup;
			children = (
				C65A94AC1E585F3B00229884 /* Base */,
			);
			name = LaunchScreen.storyboard;
			sourceTree = "<group>";
		};
/* End PBXVariantGroup section */

/* Begin XCBuildConfiguration section */
		C65A94AF1E585F3B00229884 /* Debug */ = {
			isa = XCBuildConfiguration;
			buildSettings = {
				ALWAYS_SEARCH_USER_PATHS = NO;
				CLANG_ANALYZER_NONNULL = YES;
				CLANG_CXX_LANGUAGE_STANDARD = "gnu++0x";
				CLANG_CXX_LIBRARY = "libc++";
				CLANG_ENABLE_MODULES = YES;
				CLANG_ENABLE_OBJC_ARC = YES;
				CLANG_WARN_BOOL_CONVERSION = YES;
				CLANG_WARN_CONSTANT_CONVERSION = YES;
				CLANG_WARN_DIRECT_OBJC_ISA_USAGE = YES_ERROR;
				CLANG_WARN_DOCUMENTATION_COMMENTS = YES;
				CLANG_WARN_EMPTY_BODY = YES;
				CLANG_WARN_ENUM_CONVERSION = YES;
				CLANG_WARN_INFINITE_RECURSION = YES;
				CLANG_WARN_INT_CONVERSION = YES;
				CLANG_WARN_OBJC_ROOT_CLASS = YES_ERROR;
				CLANG_WARN_SUSPICIOUS_MOVE = YES;
				CLANG_WARN_UNREACHABLE_CODE = YES;
				CLANG_WARN__DUPLICATE_METHOD_MATCH = YES;
				"CODE_SIGN_IDENTITY[sdk=iphoneos*]" = "iPhone Developer";
				COPY_PHASE_STRIP = NO;
				DEBUG_INFORMATION_FORMAT = dwarf;
				ENABLE_STRICT_OBJC_MSGSEND = YES;
				ENABLE_TESTABILITY = YES;
				GCC_C_LANGUAGE_STANDARD = gnu99;
				GCC_DYNAMIC_NO_PIC = NO;
				GCC_NO_COMMON_BLOCKS = YES;
				GCC_OPTIMIZATION_LEVEL = 0;
				GCC_PREPROCESSOR_DEFINITIONS = (
					"DEBUG=1",
					"$(inherited)",
				);
				GCC_WARN_64_TO_32_BIT_CONVERSION = YES;
				GCC_WARN_ABOUT_RETURN_TYPE = YES_ERROR;
				GCC_WARN_UNDECLARED_SELECTOR = YES;
				GCC_WARN_UNINITIALIZED_AUTOS = YES_AGGRESSIVE;
				GCC_WARN_UNUSED_FUNCTION = YES;
				GCC_WARN_UNUSED_VARIABLE = YES;
				IPHONEOS_DEPLOYMENT_TARGET = 10.2;
				MTL_ENABLE_DEBUG_INFO = YES;
				ONLY_ACTIVE_ARCH = YES;
				SDKROOT = iphoneos;
				SWIFT_ACTIVE_COMPILATION_CONDITIONS = DEBUG;
				SWIFT_OPTIMIZATION_LEVEL = "-Onone";
				SWIFT_VERSION = 2.3;
			};
			name = Debug;
		};
		C65A94B01E585F3B00229884 /* Release */ = {
			isa = XCBuildConfiguration;
			buildSettings = {
				ALWAYS_SEARCH_USER_PATHS = NO;
				CLANG_ANALYZER_NONNULL = YES;
				CLANG_CXX_LANGUAGE_STANDARD = "gnu++0x";
				CLANG_CXX_LIBRARY = "libc++";
				CLANG_ENABLE_MODULES = YES;
				CLANG_ENABLE_OBJC_ARC = YES;
				CLANG_WARN_BOOL_CONVERSION = YES;
				CLANG_WARN_CONSTANT_CONVERSION = YES;
				CLANG_WARN_DIRECT_OBJC_ISA_USAGE = YES_ERROR;
				CLANG_WARN_DOCUMENTATION_COMMENTS = YES;
				CLANG_WARN_EMPTY_BODY = YES;
				CLANG_WARN_ENUM_CONVERSION = YES;
				CLANG_WARN_INFINITE_RECURSION = YES;
				CLANG_WARN_INT_CONVERSION = YES;
				CLANG_WARN_OBJC_ROOT_CLASS = YES_ERROR;
				CLANG_WARN_SUSPICIOUS_MOVE = YES;
				CLANG_WARN_UNREACHABLE_CODE = YES;
				CLANG_WARN__DUPLICATE_METHOD_MATCH = YES;
				"CODE_SIGN_IDENTITY[sdk=iphoneos*]" = "iPhone Developer";
				COPY_PHASE_STRIP = NO;
				DEBUG_INFORMATION_FORMAT = "dwarf-with-dsym";
				ENABLE_NS_ASSERTIONS = NO;
				ENABLE_STRICT_OBJC_MSGSEND = YES;
				GCC_C_LANGUAGE_STANDARD = gnu99;
				GCC_NO_COMMON_BLOCKS = YES;
				GCC_WARN_64_TO_32_BIT_CONVERSION = YES;
				GCC_WARN_ABOUT_RETURN_TYPE = YES_ERROR;
				GCC_WARN_UNDECLARED_SELECTOR = YES;
				GCC_WARN_UNINITIALIZED_AUTOS = YES_AGGRESSIVE;
				GCC_WARN_UNUSED_FUNCTION = YES;
				GCC_WARN_UNUSED_VARIABLE = YES;
				IPHONEOS_DEPLOYMENT_TARGET = 10.2;
				MTL_ENABLE_DEBUG_INFO = NO;
				SDKROOT = iphoneos;
				SWIFT_OPTIMIZATION_LEVEL = "-Owholemodule";
				SWIFT_VERSION = 2.3;
				VALIDATE_PRODUCT = YES;
			};
			name = Release;
		};
		C65A94B21E585F3B00229884 /* Debug */ = {
			isa = XCBuildConfiguration;
			baseConfigurationReference = 0D0680CABAE7B962D1302BAE /* Pods-Wallmax.debug.xcconfig */;
			buildSettings = {
				ALWAYS_EMBED_SWIFT_STANDARD_LIBRARIES = YES;
				ASSETCATALOG_COMPILER_APPICON_NAME = AppIcon;
				DEVELOPMENT_TEAM = A26X592M5J;
				INFOPLIST_FILE = Wallmax/Info.plist;
				LD_RUNPATH_SEARCH_PATHS = "$(inherited) @executable_path/Frameworks";
				PRODUCT_BUNDLE_IDENTIFIER = xyz.ajaymann.Wallmax;
				PRODUCT_NAME = "$(TARGET_NAME)";
				SWIFT_VERSION = 3.0;
			};
			name = Debug;
		};
		C65A94B31E585F3B00229884 /* Release */ = {
			isa = XCBuildConfiguration;
			baseConfigurationReference = 44FAE9E2C561B112CC3DF855 /* Pods-Wallmax.release.xcconfig */;
			buildSettings = {
				ALWAYS_EMBED_SWIFT_STANDARD_LIBRARIES = YES;
				ASSETCATALOG_COMPILER_APPICON_NAME = AppIcon;
				DEVELOPMENT_TEAM = A26X592M5J;
				INFOPLIST_FILE = Wallmax/Info.plist;
				LD_RUNPATH_SEARCH_PATHS = "$(inherited) @executable_path/Frameworks";
				PRODUCT_BUNDLE_IDENTIFIER = xyz.ajaymann.Wallmax;
				PRODUCT_NAME = "$(TARGET_NAME)";
				SWIFT_VERSION = 3.0;
			};
			name = Release;
		};
/* End XCBuildConfiguration section */

/* Begin XCConfigurationList section */
		C65A949A1E585F3B00229884 /* Build configuration list for PBXProject "Wallmax" */ = {
			isa = XCConfigurationList;
			buildConfigurations = (
				C65A94AF1E585F3B00229884 /* Debug */,
				C65A94B01E585F3B00229884 /* Release */,
			);
			defaultConfigurationIsVisible = 0;
			defaultConfigurationName = Release;
		};
		C65A94B11E585F3B00229884 /* Build configuration list for PBXNativeTarget "Wallmax" */ = {
			isa = XCConfigurationList;
			buildConfigurations = (
				C65A94B21E585F3B00229884 /* Debug */,
				C65A94B31E585F3B00229884 /* Release */,
			);
			defaultConfigurationIsVisible = 0;
			defaultConfigurationName = Release;
		};
/* End XCConfigurationList section */

/* Begin XCVersionGroup section */
		C683F9E91E62EC89006D41B8 /* Wallmax.xcdatamodeld */ = {
			isa = XCVersionGroup;
			children = (
				C683F9EA1E62EC89006D41B8 /* Wallmax.xcdatamodel */,
			);
			currentVersion = C683F9EA1E62EC89006D41B8 /* Wallmax.xcdatamodel */;
			path = Wallmax.xcdatamodeld;
			sourceTree = "<group>";
			versionGroupType = wrapper.xcdatamodel;
		};
/* End XCVersionGroup section */
	};
	rootObject = C65A94971E585F3B00229884 /* Project object */;
}
